
Microsoft Visual Studio Solution File, Format Version 12.00
# Visual Studio 15
VisualStudioVersion = 15.0.27004.2005
MinimumVisualStudioVersion = 10.0.40219.1
Project("{FAE04EC0-301F-11D3-BF4B-00C04F79EFBC}") = "NickZhaoPlatformer", "NickZhaoPlatformer\NickZhaoPlatformer.csproj", "{C8207166-3709-42AD-AA08-289A0301C9CE}"
EndProject
Global
	GlobalSection(SolutionConfigurationPlatforms) = preSolution
		Debug|x86 = Debug|x86
		Release|x86 = Release|x86
	EndGlobalSection
	GlobalSection(ProjectConfigurationPlatforms) = postSolution
		{C8207166-3709-42AD-AA08-289A0301C9CE}.Debug|x86.ActiveCfg = Debug|x86
		{C8207166-3709-42AD-AA08-289A0301C9CE}.Debug|x86.Build.0 = Debug|x86
		{C8207166-3709-42AD-AA08-289A0301C9CE}.Release|x86.ActiveCfg = Release|x86
		{C8207166-3709-42AD-AA08-289A0301C9CE}.Release|x86.Build.0 = Release|x86
	EndGlobalSection
	GlobalSection(SolutionProperties) = preSolution
		HideSolutionNode = FALSE
	EndGlobalSection
	GlobalSection(ExtensibilityGlobals) = postSolution
		SolutionGuid = {CBD626C6-A78B-4479-ADD8-E5126A758531}
	EndGlobalSection
EndGlobal
